{
  "name": "zokor",
  "version": "1.0.3",
  "lockfileVersion": 1,
  "dependencies": {
    "abbrev": {
      "version": "1.1.0",
      "resolved": "http://registry.npm.taobao.org/abbrev/download/abbrev-1.1.0.tgz",
      "integrity": "sha1-0FVMIlZjbi9W58LlrRg/hZQo2B8="
    },
    "colors": {
      "version": "1.1.2",
      "resolved": "http://registry.npm.taobao.org/colors/download/colors-1.1.2.tgz",
      "integrity": "sha1-FopHAXVran9RoSzgyXv6KMCE7WM="
    },
    "connect": {
      "version": "1.9.2",
      "resolved": "http://registry.npm.taobao.org/connect/download/connect-1.9.2.tgz",
      "integrity": "sha1-QogKIulDiuWait105Df1iujlKAc="
    },
    "dijkstrajs": {
      "version": "1.0.1",
      "resolved": "http://registry.npm.taobao.org/dijkstrajs/download/dijkstrajs-1.0.1.tgz",
      "integrity": "sha1-082BIh4+pAdCz83lVtTpnpjdxxs="
    },
    "express": {
      "version": "2.5.11",
      "resolved": "http://registry.npm.taobao.org/express/download/express-2.5.11.tgz",
      "integrity": "sha1-TOjqHzY15p5J8Ou0l7aksKUc5vA="
    },
    "formidable": {
      "version": "1.0.17",
      "resolved": "http://registry.npm.taobao.org/formidable/download/formidable-1.0.17.tgz",
      "integrity": "sha1-71SRSQ+UM7cF+qdyScmQKa40hVk="
    },
    "is-wsl": {
      "version": "1.1.0",
      "resolved": "http://registry.npm.taobao.org/is-wsl/download/is-wsl-1.1.0.tgz",
      "integrity": "sha1-HxbkqiKwTRM2tmGIpmrzxgDDpm0="
    },
    "isarray": {
      "version": "2.0.2",
      "resolved": "http://registry.npm.taobao.org/isarray/download/isarray-2.0.2.tgz",
      "integrity": "sha1-WqmWONryJIsQuVmLdjoEVojs4+4="
    },
    "mime": {
      "version": "1.2.4",
      "resolved": "http://registry.npm.taobao.org/mime/download/mime-1.2.4.tgz",
      "integrity": "sha1-EbX9rynCUJJVF2uArVIClPXekrc="
    },
    "mkdirp": {
      "version": "0.3.0",
      "resolved": "http://registry.npm.taobao.org/mkdirp/download/mkdirp-0.3.0.tgz",
      "integrity": "sha1-G79asbqCevI1dRQ0kEJkVfSB/h4="
    },
    "mole-proxy": {
      "version": "1.0.13",
      "resolved": "http://registry.npm.taobao.org/mole-proxy/download/mole-proxy-1.0.13.tgz",
      "integrity": "sha1-b2cnNMIj3J2E8TUtRhH1Eve6gyc="
    },
    "nopt": {
      "version": "3.0.6",
      "resolved": "http://registry.npm.taobao.org/nopt/download/nopt-3.0.6.tgz",
      "integrity": "sha1-xkZdvwirzU2zWTF/eaxopkayj/k="
    },
    "opn": {
      "version": "5.1.0",
      "resolved": "http://registry.npm.taobao.org/opn/download/opn-5.1.0.tgz",
      "integrity": "sha1-cs4jBqF9vqWP8QQYUzUrSo/HdRk="
    },
    "pngjs": {
      "version": "2.3.1",
      "resolved": "http://registry.npm.taobao.org/pngjs/download/pngjs-2.3.1.tgz",
      "integrity": "sha1-EdHhK5y2TWPjDBQ6Mw9MH1Z9qF8="
    },
    "qrcode": {
      "version": "0.9.0",
      "resolved": "http://registry.npm.taobao.org/qrcode/download/qrcode-0.9.0.tgz",
      "integrity": "sha1-S9wdIa1lXDEBtbsp4uTJ1kFoJfs="
    },
    "qs": {
      "version": "0.4.2",
      "resolved": "http://registry.npm.taobao.org/qs/download/qs-0.4.2.tgz",
      "integrity": "sha1-PKxMhh43GoycR3CsI82o3mObjl8="
    },
    "underscore": {
      "version": "1.7.0",
      "resolved": "http://registry.npm.taobao.org/underscore/download/underscore-1.7.0.tgz",
      "integrity": "sha1-a7rwh3UA02vjTsqlhODbn+8DUgk="
    },
    "weinre": {
      "version": "2.0.0-pre-I0Z7U9OV",
      "resolved": "http://registry.npm.taobao.org/weinre/download/weinre-2.0.0-pre-I0Z7U9OV.tgz",
      "integrity": "sha1-/viqIjkh97QLu71MPtQwL2/QqBM="
    }
  }
}
