{
  "name": "zokor",
  "version": "1.0.0",
  "lockfileVersion": 1,
  "dependencies": {
    "colors": {
      "version": "1.1.2",
      "resolved": "http://registry.npm.taobao.org/colors/download/colors-1.1.2.tgz",
      "integrity": "sha1-FopHAXVran9RoSzgyXv6KMCE7WM="
    },
    "dijkstrajs": {
      "version": "1.0.1",
      "resolved": "http://registry.npm.taobao.org/dijkstrajs/download/dijkstrajs-1.0.1.tgz",
      "integrity": "sha1-082BIh4+pAdCz83lVtTpnpjdxxs="
    },
    "is-wsl": {
      "version": "1.1.0",
      "resolved": "http://registry.npm.taobao.org/is-wsl/download/is-wsl-1.1.0.tgz",
      "integrity": "sha1-HxbkqiKwTRM2tmGIpmrzxgDDpm0="
    },
    "isarray": {
      "version": "2.0.2",
      "resolved": "http://registry.npm.taobao.org/isarray/download/isarray-2.0.2.tgz",
      "integrity": "sha1-WqmWONryJIsQuVmLdjoEVojs4+4="
    },
    "mole-proxy": {
      "version": "1.0.13",
      "resolved": "http://registry.npm.taobao.org/mole-proxy/download/mole-proxy-1.0.13.tgz",
      "integrity": "sha1-b2cnNMIj3J2E8TUtRhH1Eve6gyc="
    },
    "opn": {
      "version": "5.1.0",
      "resolved": "http://registry.npm.taobao.org/opn/download/opn-5.1.0.tgz",
      "integrity": "sha1-cs4jBqF9vqWP8QQYUzUrSo/HdRk="
    },
    "pngjs": {
      "version": "2.3.1",
      "resolved": "http://registry.npm.taobao.org/pngjs/download/pngjs-2.3.1.tgz",
      "integrity": "sha1-EdHhK5y2TWPjDBQ6Mw9MH1Z9qF8="
    },
    "qrcode": {
      "version": "0.9.0",
      "resolved": "http://registry.npm.taobao.org/qrcode/download/qrcode-0.9.0.tgz",
      "integrity": "sha1-S9wdIa1lXDEBtbsp4uTJ1kFoJfs="
    }
  }
}
